
Microsoft Visual Studio Solution File, Format Version 12.00
# Visual Studio Version 16
VisualStudioVersion = 16.0.31410.357
MinimumVisualStudioVersion = 10.0.40219.1
Project("{FAE04EC0-301F-11D3-BF4B-00C04F79EFBC}") = "SalesTaxesWebApp", "SalesTaxesWebApp.csproj", "{ED8F2F07-DE71-4FE5-A215-717AF8BE295D}"
EndProject
Project("{FAE04EC0-301F-11D3-BF4B-00C04F79EFBC}") = "SalesTaxesWebApp.Tests", "..\SalesTaxesWebApp.Tests\SalesTaxesWebApp.Tests.csproj", "{29DD7757-838D-4C65-97D3-E20966C06373}"
EndProject
Global
	GlobalSection(SolutionConfigurationPlatforms) = preSolution
		Debug|Any CPU = Debug|Any CPU
		Release|Any CPU = Release|Any CPU
	EndGlobalSection
	GlobalSection(ProjectConfigurationPlatforms) = postSolution
		{ED8F2F07-DE71-4FE5-A215-717AF8BE295D}.Debug|Any CPU.ActiveCfg = Debug|Any CPU
		{ED8F2F07-DE71-4FE5-A215-717AF8BE295D}.Debug|Any CPU.Build.0 = Debug|Any CPU
		{ED8F2F07-DE71-4FE5-A215-717AF8BE295D}.Release|Any CPU.ActiveCfg = Release|Any CPU
		{ED8F2F07-DE71-4FE5-A215-717AF8BE295D}.Release|Any CPU.Build.0 = Release|Any CPU
		{29DD7757-838D-4C65-97D3-E20966C06373}.Debug|Any CPU.ActiveCfg = Debug|Any CPU
		{29DD7757-838D-4C65-97D3-E20966C06373}.Debug|Any CPU.Build.0 = Debug|Any CPU
		{29DD7757-838D-4C65-97D3-E20966C06373}.Release|Any CPU.ActiveCfg = Release|Any CPU
		{29DD7757-838D-4C65-97D3-E20966C06373}.Release|Any CPU.Build.0 = Release|Any CPU
	EndGlobalSection
	GlobalSection(SolutionProperties) = preSolution
		HideSolutionNode = FALSE
	EndGlobalSection
	GlobalSection(ExtensibilityGlobals) = postSolution
		SolutionGuid = {FA55A832-EBED-43F5-8EE7-9445999B6FF9}
	EndGlobalSection
EndGlobal
